// !$*UTF8*$!
{
	archiveVersion = 1;
	classes = {
	};
	objectVersion = 56;
	objects = {

/* Begin PBXBuildFile section */
		6B1CD9CB2AB584FF00FC4562 /* AppDelegate.swift in Sources */ = {isa = PBXBuildFile; fileRef = 6B1CD9CA2AB584FF00FC4562 /* AppDelegate.swift */; };
		6B1CD9CD2AB584FF00FC4562 /* SceneDelegate.swift in Sources */ = {isa = PBXBuildFile; fileRef = 6B1CD9CC2AB584FF00FC4562 /* SceneDelegate.swift */; };
		6B1CD9CF2AB584FF00FC4562 /* ViewController.swift in Sources */ = {isa = PBXBuildFile; fileRef = 6B1CD9CE2AB584FF00FC4562 /* ViewController.swift */; };
		6B1CD9D22AB584FF00FC4562 /* Main.storyboard in Resources */ = {isa = PBXBuildFile; fileRef = 6B1CD9D02AB584FF00FC4562 /* Main.storyboard */; };
		6B1CD9D52AB584FF00FC4562 /* NewTodo.xcdatamodeld in Sources */ = {isa = PBXBuildFile; fileRef = 6B1CD9D32AB584FF00FC4562 /* NewTodo.xcdatamodeld */; };
		6B1CD9D72AB584FF00FC4562 /* Assets.xcassets in Resources */ = {isa = PBXBuildFile; fileRef = 6B1CD9D62AB584FF00FC4562 /* Assets.xcassets */; };
		6B1CD9DA2AB584FF00FC4562 /* LaunchScreen.storyboard in Resources */ = {isa = PBXBuildFile; fileRef = 6B1CD9D82AB584FF00FC4562 /* LaunchScreen.storyboard */; };
		6B1CD9E52AB5850000FC4562 /* NewTodoTests.swift in Sources */ = {isa = PBXBuildFile; fileRef = 6B1CD9E42AB5850000FC4562 /* NewTodoTests.swift */; };
		6B1CD9EF2AB5850000FC4562 /* NewTodoUITests.swift in Sources */ = {isa = PBXBuildFile; fileRef = 6B1CD9EE2AB5850000FC4562 /* NewTodoUITests.swift */; };
		6B1CD9F12AB5850000FC4562 /* NewTodoUITestsLaunchTests.swift in Sources */ = {isa = PBXBuildFile; fileRef = 6B1CD9F02AB5850000FC4562 /* NewTodoUITestsLaunchTests.swift */; };
		6B1CD9FE2AB59D2C00FC4562 /* FirstView.swift in Sources */ = {isa = PBXBuildFile; fileRef = 6B1CD9FD2AB59D2C00FC4562 /* FirstView.swift */; };
		6B1CDA022AB59E5B00FC4562 /* ListView.swift in Sources */ = {isa = PBXBuildFile; fileRef = 6B1CDA012AB59E5B00FC4562 /* ListView.swift */; };
		6BA5A4072AB9A6A000FF1263 /* addView.swift in Sources */ = {isa = PBXBuildFile; fileRef = 6BA5A4062AB9A6A000FF1263 /* addView.swift */; };
		6BA5A4092ABAE15100FF1263 /* editView.swift in Sources */ = {isa = PBXBuildFile; fileRef = 6BA5A4082ABAE15100FF1263 /* editView.swift */; };
		6BA5A40B2ABB0F2B00FF1263 /* EditModal.swift in Sources */ = {isa = PBXBuildFile; fileRef = 6BA5A40A2ABB0F2B00FF1263 /* EditModal.swift */; };
/* End PBXBuildFile section */

/* Begin PBXContainerItemProxy section */
		6B1CD9E12AB5850000FC4562 /* PBXContainerItemProxy */ = {
			isa = PBXContainerItemProxy;
			containerPortal = 6B1CD9BF2AB584FE00FC4562 /* Project object */;
			proxyType = 1;
			remoteGlobalIDString = 6B1CD9C62AB584FF00FC4562;
			remoteInfo = NewTodo;
		};
		6B1CD9EB2AB5850000FC4562 /* PBXContainerItemProxy */ = {
			isa = PBXContainerItemProxy;
			containerPortal = 6B1CD9BF2AB584FE00FC4562 /* Project object */;
			proxyType = 1;
			remoteGlobalIDString = 6B1CD9C62AB584FF00FC4562;
			remoteInfo = NewTodo;
		};
/* End PBXContainerItemProxy section */

/* Begin PBXFileReference section */
		6B1CD9C72AB584FF00FC4562 /* NewTodo.app */ = {isa = PBXFileReference; explicitFileType = wrapper.application; includeInIndex = 0; path = NewTodo.app; sourceTree = BUILT_PRODUCTS_DIR; };
		6B1CD9CA2AB584FF00FC4562 /* AppDelegate.swift */ = {isa = PBXFileReference; lastKnownFileType = sourcecode.swift; path = AppDelegate.swift; sourceTree = "<group>"; };
		6B1CD9CC2AB584FF00FC4562 /* SceneDelegate.swift */ = {isa = PBXFileReference; lastKnownFileType = sourcecode.swift; path = SceneDelegate.swift; sourceTree = "<group>"; };
		6B1CD9CE2AB584FF00FC4562 /* ViewController.swift */ = {isa = PBXFileReference; lastKnownFileType = sourcecode.swift; path = ViewController.swift; sourceTree = "<group>"; };
		6B1CD9D12AB584FF00FC4562 /* Base */ = {isa = PBXFileReference; lastKnownFileType = file.storyboard; name = Base; path = Base.lproj/Main.storyboard; sourceTree = "<group>"; };
		6B1CD9D42AB584FF00FC4562 /* NewTodo.xcdatamodel */ = {isa = PBXFileReference; lastKnownFileType = wrapper.xcdatamodel; path = NewTodo.xcdatamodel; sourceTree = "<group>"; };
		6B1CD9D62AB584FF00FC4562 /* Assets.xcassets */ = {isa = PBXFileReference; lastKnownFileType = folder.assetcatalog; path = Assets.xcassets; sourceTree = "<group>"; };
		6B1CD9D92AB584FF00FC4562 /* Base */ = {isa = PBXFileReference; lastKnownFileType = file.storyboard; name = Base; path = Base.lproj/LaunchScreen.storyboard; sourceTree = "<group>"; };
		6B1CD9DB2AB584FF00FC4562 /* Info.plist */ = {isa = PBXFileReference; lastKnownFileType = text.plist.xml; path = Info.plist; sourceTree = "<group>"; };
		6B1CD9E02AB5850000FC4562 /* NewTodoTests.xctest */ = {isa = PBXFileReference; explicitFileType = wrapper.cfbundle; includeInIndex = 0; path = NewTodoTests.xctest; sourceTree = BUILT_PRODUCTS_DIR; };
		6B1CD9E42AB5850000FC4562 /* NewTodoTests.swift */ = {isa = PBXFileReference; lastKnownFileType = sourcecode.swift; path = NewTodoTests.swift; sourceTree = "<group>"; };
		6B1CD9EA2AB5850000FC4562 /* NewTodoUITests.xctest */ = {isa = PBXFileReference; explicitFileType = wrapper.cfbundle; includeInIndex = 0; path = NewTodoUITests.xctest; sourceTree = BUILT_PRODUCTS_DIR; };
		6B1CD9EE2AB5850000FC4562 /* NewTodoUITests.swift */ = {isa = PBXFileReference; lastKnownFileType = sourcecode.swift; path = NewTodoUITests.swift; sourceTree = "<group>"; };
		6B1CD9F02AB5850000FC4562 /* NewTodoUITestsLaunchTests.swift */ = {isa = PBXFileReference; lastKnownFileType = sourcecode.swift; path = NewTodoUITestsLaunchTests.swift; sourceTree = "<group>"; };
		6B1CD9FD2AB59D2C00FC4562 /* FirstView.swift */ = {isa = PBXFileReference; lastKnownFileType = sourcecode.swift; path = FirstView.swift; sourceTree = "<group>"; };
		6B1CDA012AB59E5B00FC4562 /* ListView.swift */ = {isa = PBXFileReference; lastKnownFileType = sourcecode.swift; path = ListView.swift; sourceTree = "<group>"; };
		6BA5A4062AB9A6A000FF1263 /* addView.swift */ = {isa = PBXFileReference; lastKnownFileType = sourcecode.swift; path = addView.swift; sourceTree = "<group>"; };
		6BA5A4082ABAE15100FF1263 /* editView.swift */ = {isa = PBXFileReference; lastKnownFileType = sourcecode.swift; path = editView.swift; sourceTree = "<group>"; };
		6BA5A40A2ABB0F2B00FF1263 /* EditModal.swift */ = {isa = PBXFileReference; lastKnownFileType = sourcecode.swift; path = EditModal.swift; sourceTree = "<group>"; };
/* End PBXFileReference section */

/* Begin PBXFrameworksBuildPhase section */
		6B1CD9C42AB584FF00FC4562 /* Frameworks */ = {
			isa = PBXFrameworksBuildPhase;
			buildActionMask = 2147483647;
			files = (
			);
			runOnlyForDeploymentPostprocessing = 0;
		};
		6B1CD9DD2AB5850000FC4562 /* Frameworks */ = {
			isa = PBXFrameworksBuildPhase;
			buildActionMask = 2147483647;
			files = (
			);
			runOnlyForDeploymentPostprocessing = 0;
		};
		6B1CD9E72AB5850000FC4562 /* Frameworks */ = {
			isa = PBXFrameworksBuildPhase;
			buildActionMask = 2147483647;
			files = (
			);
			runOnlyForDeploymentPostprocessing = 0;
		};
/* End PBXFrameworksBuildPhase section */

/* Begin PBXGroup section */
		6B1CD9BE2AB584FE00FC4562 = {
			isa = PBXGroup;
			children = (
				6B1CD9C92AB584FF00FC4562 /* NewTodo */,
				6B1CD9E32AB5850000FC4562 /* NewTodoTests */,
				6B1CD9ED2AB5850000FC4562 /* NewTodoUITests */,
				6B1CD9C82AB584FF00FC4562 /* Products */,
			);
			sourceTree = "<group>";
		};
		6B1CD9C82AB584FF00FC4562 /* Products */ = {
			isa = PBXGroup;
			children = (
				6B1CD9C72AB584FF00FC4562 /* NewTodo.app */,
				6B1CD9E02AB5850000FC4562 /* NewTodoTests.xctest */,
				6B1CD9EA2AB5850000FC4562 /* NewTodoUITests.xctest */,
			);
			name = Products;
			sourceTree = "<group>";
		};
		6B1CD9C92AB584FF00FC4562 /* NewTodo */ = {
			isa = PBXGroup;
			children = (
				6BA5A40C2ABC497700FF1263 /* New Group */,
				6B1CD9CA2AB584FF00FC4562 /* AppDelegate.swift */,
				6B1CD9CC2AB584FF00FC4562 /* SceneDelegate.swift */,
				6B1CD9CE2AB584FF00FC4562 /* ViewController.swift */,
				6B1CD9D02AB584FF00FC4562 /* Main.storyboard */,
				6B1CD9FD2AB59D2C00FC4562 /* FirstView.swift */,
				6BA5A4062AB9A6A000FF1263 /* addView.swift */,
				6B1CDA012AB59E5B00FC4562 /* ListView.swift */,
				6BA5A4082ABAE15100FF1263 /* editView.swift */,
				6B1CD9D62AB584FF00FC4562 /* Assets.xcassets */,
				6B1CD9D82AB584FF00FC4562 /* LaunchScreen.storyboard */,
				6B1CD9DB2AB584FF00FC4562 /* Info.plist */,
				6B1CD9D32AB584FF00FC4562 /* NewTodo.xcdatamodeld */,
			);
			path = NewTodo;
			sourceTree = "<group>";
		};
		6B1CD9E32AB5850000FC4562 /* NewTodoTests */ = {
			isa = PBXGroup;
			children = (
				6B1CD9E42AB5850000FC4562 /* NewTodoTests.swift */,
			);
			path = NewTodoTests;
			sourceTree = "<group>";
		};
		6B1CD9ED2AB5850000FC4562 /* NewTodoUITests */ = {
			isa = PBXGroup;
			children = (
				6B1CD9EE2AB5850000FC4562 /* NewTodoUITests.swift */,
				6B1CD9F02AB5850000FC4562 /* NewTodoUITestsLaunchTests.swift */,
			);
			path = NewTodoUITests;
			sourceTree = "<group>";
		};
		6BA5A40C2ABC497700FF1263 /* New Group */ = {
			isa = PBXGroup;
			children = (
				6BA5A40A2ABB0F2B00FF1263 /* EditModal.swift */,
			);
			path = "New Group";
			sourceTree = "<group>";
		};
/* End PBXGroup section */

/* Begin PBXNativeTarget section */
		6B1CD9C62AB584FF00FC4562 /* NewTodo */ = {
			isa = PBXNativeTarget;
			buildConfigurationList = 6B1CD9F42AB5850000FC4562 /* Build configuration list for PBXNativeTarget "NewTodo" */;
			buildPhases = (
				6B1CD9C32AB584FF00FC4562 /* Sources */,
				6B1CD9C42AB584FF00FC4562 /* Frameworks */,
				6B1CD9C52AB584FF00FC4562 /* Resources */,
			);
			buildRules = (
			);
			dependencies = (
			);
			name = NewTodo;
			productName = NewTodo;
			productReference = 6B1CD9C72AB584FF00FC4562 /* NewTodo.app */;
			productType = "com.apple.product-type.application";
		};
		6B1CD9DF2AB5850000FC4562 /* NewTodoTests */ = {
			isa = PBXNativeTarget;
			buildConfigurationList = 6B1CD9F72AB5850000FC4562 /* Build configuration list for PBXNativeTarget "NewTodoTests" */;
			buildPhases = (
				6B1CD9DC2AB5850000FC4562 /* Sources */,
				6B1CD9DD2AB5850000FC4562 /* Frameworks */,
				6B1CD9DE2AB5850000FC4562 /* Resources */,
			);
			buildRules = (
			);
			dependencies = (
				6B1CD9E22AB5850000FC4562 /* PBXTargetDependency */,
			);
			name = NewTodoTests;
			productName = NewTodoTests;
			productReference = 6B1CD9E02AB5850000FC4562 /* NewTodoTests.xctest */;
			productType = "com.apple.product-type.bundle.unit-test";
		};
		6B1CD9E92AB5850000FC4562 /* NewTodoUITests */ = {
			isa = PBXNativeTarget;
			buildConfigurationList = 6B1CD9FA2AB5850000FC4562 /* Build configuration list for PBXNativeTarget "NewTodoUITests" */;
			buildPhases = (
				6B1CD9E62AB5850000FC4562 /* Sources */,
				6B1CD9E72AB5850000FC4562 /* Frameworks */,
				6B1CD9E82AB5850000FC4562 /* Resources */,
			);
			buildRules = (
			);
			dependencies = (
				6B1CD9EC2AB5850000FC4562 /* PBXTargetDependency */,
			);
			name = NewTodoUITests;
			productName = NewTodoUITests;
			productReference = 6B1CD9EA2AB5850000FC4562 /* NewTodoUITests.xctest */;
			productType = "com.apple.product-type.bundle.ui-testing";
		};
/* End PBXNativeTarget section */

/* Begin PBXProject section */
		6B1CD9BF2AB584FE00FC4562 /* Project object */ = {
			isa = PBXProject;
			attributes = {
				BuildIndependentTargetsInParallel = 1;
				LastSwiftUpdateCheck = 1430;
				LastUpgradeCheck = 1430;
				TargetAttributes = {
					6B1CD9C62AB584FF00FC4562 = {
						CreatedOnToolsVersion = 14.3.1;
					};
					6B1CD9DF2AB5850000FC4562 = {
						CreatedOnToolsVersion = 14.3.1;
						TestTargetID = 6B1CD9C62AB584FF00FC4562;
					};
					6B1CD9E92AB5850000FC4562 = {
						CreatedOnToolsVersion = 14.3.1;
						TestTargetID = 6B1CD9C62AB584FF00FC4562;
					};
				};
			};
			buildConfigurationList = 6B1CD9C22AB584FE00FC4562 /* Build configuration list for PBXProject "NewTodo" */;
			compatibilityVersion = "Xcode 14.0";
			developmentRegion = en;
			hasScannedForEncodings = 0;
			knownRegions = (
				en,
				Base,
			);
			mainGroup = 6B1CD9BE2AB584FE00FC4562;
			productRefGroup = 6B1CD9C82AB584FF00FC4562 /* Products */;
			projectDirPath = "";
			projectRoot = "";
			targets = (
				6B1CD9C62AB584FF00FC4562 /* NewTodo */,
				6B1CD9DF2AB5850000FC4562 /* NewTodoTests */,
				6B1CD9E92AB5850000FC4562 /* NewTodoUITests */,
			);
		};
/* End PBXProject section */

/* Begin PBXResourcesBuildPhase section */
		6B1CD9C52AB584FF00FC4562 /* Resources */ = {
			isa = PBXResourcesBuildPhase;
			buildActionMask = 2147483647;
			files = (
				6B1CD9DA2AB584FF00FC4562 /* LaunchScreen.storyboard in Resources */,
				6B1CD9D72AB584FF00FC4562 /* Assets.xcassets in Resources */,
				6B1CD9D22AB584FF00FC4562 /* Main.storyboard in Resources */,
			);
			runOnlyForDeploymentPostprocessing = 0;
		};
		6B1CD9DE2AB5850000FC4562 /* Resources */ = {
			isa = PBXResourcesBuildPhase;
			buildActionMask = 2147483647;
			files = (
			);
			runOnlyForDeploymentPostprocessing = 0;
		};
		6B1CD9E82AB5850000FC4562 /* Resources */ = {
			isa = PBXResourcesBuildPhase;
			buildActionMask = 2147483647;
			files = (
			);
			runOnlyForDeploymentPostprocessing = 0;
		};
/* End PBXResourcesBuildPhase section */

/* Begin PBXSourcesBuildPhase section */
		6B1CD9C32AB584FF00FC4562 /* Sources */ = {
			isa = PBXSourcesBuildPhase;
			buildActionMask = 2147483647;
			files = (
				6B1CD9D52AB584FF00FC4562 /* NewTodo.xcdatamodeld in Sources */,
				6B1CD9FE2AB59D2C00FC4562 /* FirstView.swift in Sources */,
				6BA5A4092ABAE15100FF1263 /* editView.swift in Sources */,
				6BA5A40B2ABB0F2B00FF1263 /* EditModal.swift in Sources */,
				6B1CD9CF2AB584FF00FC4562 /* ViewController.swift in Sources */,
				6B1CDA022AB59E5B00FC4562 /* ListView.swift in Sources */,
				6BA5A4072AB9A6A000FF1263 /* addView.swift in Sources */,
				6B1CD9CB2AB584FF00FC4562 /* AppDelegate.swift in Sources */,
				6B1CD9CD2AB584FF00FC4562 /* SceneDelegate.swift in Sources */,
			);
			runOnlyForDeploymentPostprocessing = 0;
		};
		6B1CD9DC2AB5850000FC4562 /* Sources */ = {
			isa = PBXSourcesBuildPhase;
			buildActionMask = 2147483647;
			files = (
				6B1CD9E52AB5850000FC4562 /* NewTodoTests.swift in Sources */,
			);
			runOnlyForDeploymentPostprocessing = 0;
		};
		6B1CD9E62AB5850000FC4562 /* Sources */ = {
			isa = PBXSourcesBuildPhase;
			buildActionMask = 2147483647;
			files = (
				6B1CD9EF2AB5850000FC4562 /* NewTodoUITests.swift in Sources */,
				6B1CD9F12AB5850000FC4562 /* NewTodoUITestsLaunchTests.swift in Sources */,
			);
			runOnlyForDeploymentPostprocessing = 0;
		};
/* End PBXSourcesBuildPhase section */

/* Begin PBXTargetDependency section */
		6B1CD9E22AB5850000FC4562 /* PBXTargetDependency */ = {
			isa = PBXTargetDependency;
			target = 6B1CD9C62AB584FF00FC4562 /* NewTodo */;
			targetProxy = 6B1CD9E12AB5850000FC4562 /* PBXContainerItemProxy */;
		};
		6B1CD9EC2AB5850000FC4562 /* PBXTargetDependency */ = {
			isa = PBXTargetDependency;
			target = 6B1CD9C62AB584FF00FC4562 /* NewTodo */;
			targetProxy = 6B1CD9EB2AB5850000FC4562 /* PBXContainerItemProxy */;
		};
/* End PBXTargetDependency section */

/* Begin PBXVariantGroup section */
		6B1CD9D02AB584FF00FC4562 /* Main.storyboard */ = {
			isa = PBXVariantGroup;
			children = (
				6B1CD9D12AB584FF00FC4562 /* Base */,
			);
			name = Main.storyboard;
			sourceTree = "<group>";
		};
		6B1CD9D82AB584FF00FC4562 /* LaunchScreen.storyboard */ = {
			isa = PBXVariantGroup;
			children = (
				6B1CD9D92AB584FF00FC4562 /* Base */,
			);
			name = LaunchScreen.storyboard;
			sourceTree = "<group>";
		};
/* End PBXVariantGroup section */

/* Begin XCBuildConfiguration section */
		6B1CD9F22AB5850000FC4562 /* Debug */ = {
			isa = XCBuildConfiguration;
			buildSettings = {
				ALWAYS_SEARCH_USER_PATHS = NO;
				CLANG_ANALYZER_NONNULL = YES;
				CLANG_ANALYZER_NUMBER_OBJECT_CONVERSION = YES_AGGRESSIVE;
				CLANG_CXX_LANGUAGE_STANDARD = "gnu++20";
				CLANG_ENABLE_MODULES = YES;
				CLANG_ENABLE_OBJC_ARC = YES;
				CLANG_ENABLE_OBJC_WEAK = YES;
				CLANG_WARN_BLOCK_CAPTURE_AUTORELEASING = YES;
				CLANG_WARN_BOOL_CONVERSION = YES;
				CLANG_WARN_COMMA = YES;
				CLANG_WARN_CONSTANT_CONVERSION = YES;
				CLANG_WARN_DEPRECATED_OBJC_IMPLEMENTATIONS = YES;
				CLANG_WARN_DIRECT_OBJC_ISA_USAGE = YES_ERROR;
				CLANG_WARN_DOCUMENTATION_COMMENTS = YES;
				CLANG_WARN_EMPTY_BODY = YES;
				CLANG_WARN_ENUM_CONVERSION = YES;
				CLANG_WARN_INFINITE_RECURSION = YES;
				CLANG_WARN_INT_CONVERSION = YES;
				CLANG_WARN_NON_LITERAL_NULL_CONVERSION = YES;
				CLANG_WARN_OBJC_IMPLICIT_RETAIN_SELF = YES;
				CLANG_WARN_OBJC_LITERAL_CONVERSION = YES;
				CLANG_WARN_OBJC_ROOT_CLASS = YES_ERROR;
				CLANG_WARN_QUOTED_INCLUDE_IN_FRAMEWORK_HEADER = YES;
				CLANG_WARN_RANGE_LOOP_ANALYSIS = YES;
				CLANG_WARN_STRICT_PROTOTYPES = YES;
				CLANG_WARN_SUSPICIOUS_MOVE = YES;
				CLANG_WARN_UNGUARDED_AVAILABILITY = YES_AGGRESSIVE;
				CLANG_WARN_UNREACHABLE_CODE = YES;
				CLANG_WARN__DUPLICATE_METHOD_MATCH = YES;
				COPY_PHASE_STRIP = NO;
				DEBUG_INFORMATION_FORMAT = dwarf;
				ENABLE_STRICT_OBJC_MSGSEND = YES;
				ENABLE_TESTABILITY = YES;
				GCC_C_LANGUAGE_STANDARD = gnu11;
				GCC_DYNAMIC_NO_PIC = NO;
				GCC_NO_COMMON_BLOCKS = YES;
				GCC_OPTIMIZATION_LEVEL = 0;
				GCC_PREPROCESSOR_DEFINITIONS = (
					"DEBUG=1",
					"$(inherited)",
				);
				GCC_WARN_64_TO_32_BIT_CONVERSION = YES;
				GCC_WARN_ABOUT_RETURN_TYPE = YES_ERROR;
				GCC_WARN_UNDECLARED_SELECTOR = YES;
				GCC_WARN_UNINITIALIZED_AUTOS = YES_AGGRESSIVE;
				GCC_WARN_UNUSED_FUNCTION = YES;
				GCC_WARN_UNUSED_VARIABLE = YES;
				IPHONEOS_DEPLOYMENT_TARGET = 16.4;
				MTL_ENABLE_DEBUG_INFO = INCLUDE_SOURCE;
				MTL_FAST_MATH = YES;
				ONLY_ACTIVE_ARCH = YES;
				SDKROOT = iphoneos;
				SWIFT_ACTIVE_COMPILATION_CONDITIONS = DEBUG;
				SWIFT_OPTIMIZATION_LEVEL = "-Onone";
			};
			name = Debug;
		};
		6B1CD9F32AB5850000FC4562 /* Release */ = {
			isa = XCBuildConfiguration;
			buildSettings = {
				ALWAYS_SEARCH_USER_PATHS = NO;
				CLANG_ANALYZER_NONNULL = YES;
				CLANG_ANALYZER_NUMBER_OBJECT_CONVERSION = YES_AGGRESSIVE;
				CLANG_CXX_LANGUAGE_STANDARD = "gnu++20";
				CLANG_ENABLE_MODULES = YES;
				CLANG_ENABLE_OBJC_ARC = YES;
				CLANG_ENABLE_OBJC_WEAK = YES;
				CLANG_WARN_BLOCK_CAPTURE_AUTORELEASING = YES;
				CLANG_WARN_BOOL_CONVERSION = YES;
				CLANG_WARN_COMMA = YES;
				CLANG_WARN_CONSTANT_CONVERSION = YES;
				CLANG_WARN_DEPRECATED_OBJC_IMPLEMENTATIONS = YES;
				CLANG_WARN_DIRECT_OBJC_ISA_USAGE = YES_ERROR;
				CLANG_WARN_DOCUMENTATION_COMMENTS = YES;
				CLANG_WARN_EMPTY_BODY = YES;
				CLANG_WARN_ENUM_CONVERSION = YES;
				CLANG_WARN_INFINITE_RECURSION = YES;
				CLANG_WARN_INT_CONVERSION = YES;
				CLANG_WARN_NON_LITERAL_NULL_CONVERSION = YES;
				CLANG_WARN_OBJC_IMPLICIT_RETAIN_SELF = YES;
				CLANG_WARN_OBJC_LITERAL_CONVERSION = YES;
				CLANG_WARN_OBJC_ROOT_CLASS = YES_ERROR;
				CLANG_WARN_QUOTED_INCLUDE_IN_FRAMEWORK_HEADER = YES;
				CLANG_WARN_RANGE_LOOP_ANALYSIS = YES;
				CLANG_WARN_STRICT_PROTOTYPES = YES;
				CLANG_WARN_SUSPICIOUS_MOVE = YES;
				CLANG_WARN_UNGUARDED_AVAILABILITY = YES_AGGRESSIVE;
				CLANG_WARN_UNREACHABLE_CODE = YES;
				CLANG_WARN__DUPLICATE_METHOD_MATCH = YES;
				COPY_PHASE_STRIP = NO;
				DEBUG_INFORMATION_FORMAT = "dwarf-with-dsym";
				ENABLE_NS_ASSERTIONS = NO;
				ENABLE_STRICT_OBJC_MSGSEND = YES;
				GCC_C_LANGUAGE_STANDARD = gnu11;
				GCC_NO_COMMON_BLOCKS = YES;
				GCC_WARN_64_TO_32_BIT_CONVERSION = YES;
				GCC_WARN_ABOUT_RETURN_TYPE = YES_ERROR;
				GCC_WARN_UNDECLARED_SELECTOR = YES;
				GCC_WARN_UNINITIALIZED_AUTOS = YES_AGGRESSIVE;
				GCC_WARN_UNUSED_FUNCTION = YES;
				GCC_WARN_UNUSED_VARIABLE = YES;
				IPHONEOS_DEPLOYMENT_TARGET = 16.4;
				MTL_ENABLE_DEBUG_INFO = NO;
				MTL_FAST_MATH = YES;
				SDKROOT = iphoneos;
				SWIFT_COMPILATION_MODE = wholemodule;
				SWIFT_OPTIMIZATION_LEVEL = "-O";
				VALIDATE_PRODUCT = YES;
			};
			name = Release;
		};
		6B1CD9F52AB5850000FC4562 /* Debug */ = {
			isa = XCBuildConfiguration;
			buildSettings = {
				ASSETCATALOG_COMPILER_APPICON_NAME = AppIcon;
				ASSETCATALOG_COMPILER_GLOBAL_ACCENT_COLOR_NAME = AccentColor;
				CODE_SIGN_STYLE = Automatic;
				CURRENT_PROJECT_VERSION = 1;
				GENERATE_INFOPLIST_FILE = YES;
				INFOPLIST_FILE = NewTodo/Info.plist;
				INFOPLIST_KEY_UIApplicationSupportsIndirectInputEvents = YES;
				INFOPLIST_KEY_UILaunchStoryboardName = LaunchScreen;
				INFOPLIST_KEY_UIMainStoryboardFile = Main;
				INFOPLIST_KEY_UISupportedInterfaceOrientations_iPad = "UIInterfaceOrientationPortrait UIInterfaceOrientationPortraitUpsideDown UIInterfaceOrientationLandscapeLeft UIInterfaceOrientationLandscapeRight";
				INFOPLIST_KEY_UISupportedInterfaceOrientations_iPhone = "UIInterfaceOrientationPortrait UIInterfaceOrientationLandscapeLeft UIInterfaceOrientationLandscapeRight";
				LD_RUNPATH_SEARCH_PATHS = (
					"$(inherited)",
					"@executable_path/Frameworks",
				);
				MARKETING_VERSION = 1.0;
				PRODUCT_BUNDLE_IDENTIFIER = iden.NewTodo;
				PRODUCT_NAME = "$(TARGET_NAME)";
				SWIFT_EMIT_LOC_STRINGS = YES;
				SWIFT_VERSION = 5.0;
				TARGETED_DEVICE_FAMILY = "1,2";
			};
			name = Debug;
		};
		6B1CD9F62AB5850000FC4562 /* Release */ = {
			isa = XCBuildConfiguration;
			buildSettings = {
				ASSETCATALOG_COMPILER_APPICON_NAME = AppIcon;
				ASSETCATALOG_COMPILER_GLOBAL_ACCENT_COLOR_NAME = AccentColor;
				CODE_SIGN_STYLE = Automatic;
				CURRENT_PROJECT_VERSION = 1;
				GENERATE_INFOPLIST_FILE = YES;
				INFOPLIST_FILE = NewTodo/Info.plist;
				INFOPLIST_KEY_UIApplicationSupportsIndirectInputEvents = YES;
				INFOPLIST_KEY_UILaunchStoryboardName = LaunchScreen;
				INFOPLIST_KEY_UIMainStoryboardFile = Main;
				INFOPLIST_KEY_UISupportedInterfaceOrientations_iPad = "UIInterfaceOrientationPortrait UIInterfaceOrientationPortraitUpsideDown UIInterfaceOrientationLandscapeLeft UIInterfaceOrientationLandscapeRight";
				INFOPLIST_KEY_UISupportedInterfaceOrientations_iPhone = "UIInterfaceOrientationPortrait UIInterfaceOrientationLandscapeLeft UIInterfaceOrientationLandscapeRight";
				LD_RUNPATH_SEARCH_PATHS = (
					"$(inherited)",
					"@executable_path/Frameworks",
				);
				MARKETING_VERSION = 1.0;
				PRODUCT_BUNDLE_IDENTIFIER = iden.NewTodo;
				PRODUCT_NAME = "$(TARGET_NAME)";
				SWIFT_EMIT_LOC_STRINGS = YES;
				SWIFT_VERSION = 5.0;
				TARGETED_DEVICE_FAMILY = "1,2";
			};
			name = Release;
		};
		6B1CD9F82AB5850000FC4562 /* Debug */ = {
			isa = XCBuildConfiguration;
			buildSettings = {
				ALWAYS_EMBED_SWIFT_STANDARD_LIBRARIES = YES;
				BUNDLE_LOADER = "$(TEST_HOST)";
				CODE_SIGN_STYLE = Automatic;
				CURRENT_PROJECT_VERSION = 1;
				GENERATE_INFOPLIST_FILE = YES;
				IPHONEOS_DEPLOYMENT_TARGET = 16.4;
				MARKETING_VERSION = 1.0;
				PRODUCT_BUNDLE_IDENTIFIER = iden.NewTodoTests;
				PRODUCT_NAME = "$(TARGET_NAME)";
				SWIFT_EMIT_LOC_STRINGS = NO;
				SWIFT_VERSION = 5.0;
				TARGETED_DEVICE_FAMILY = "1,2";
				TEST_HOST = "$(BUILT_PRODUCTS_DIR)/NewTodo.app/$(BUNDLE_EXECUTABLE_FOLDER_PATH)/NewTodo";
			};
			name = Debug;
		};
		6B1CD9F92AB5850000FC4562 /* Release */ = {
			isa = XCBuildConfiguration;
			buildSettings = {
				ALWAYS_EMBED_SWIFT_STANDARD_LIBRARIES = YES;
				BUNDLE_LOADER = "$(TEST_HOST)";
				CODE_SIGN_STYLE = Automatic;
				CURRENT_PROJECT_VERSION = 1;
				GENERATE_INFOPLIST_FILE = YES;
				IPHONEOS_DEPLOYMENT_TARGET = 16.4;
				MARKETING_VERSION = 1.0;
				PRODUCT_BUNDLE_IDENTIFIER = iden.NewTodoTests;
				PRODUCT_NAME = "$(TARGET_NAME)";
				SWIFT_EMIT_LOC_STRINGS = NO;
				SWIFT_VERSION = 5.0;
				TARGETED_DEVICE_FAMILY = "1,2";
				TEST_HOST = "$(BUILT_PRODUCTS_DIR)/NewTodo.app/$(BUNDLE_EXECUTABLE_FOLDER_PATH)/NewTodo";
			};
			name = Release;
		};
		6B1CD9FB2AB5850000FC4562 /* Debug */ = {
			isa = XCBuildConfiguration;
			buildSettings = {
				ALWAYS_EMBED_SWIFT_STANDARD_LIBRARIES = YES;
				CODE_SIGN_STYLE = Automatic;
				CURRENT_PROJECT_VERSION = 1;
				GENERATE_INFOPLIST_FILE = YES;
				MARKETING_VERSION = 1.0;
				PRODUCT_BUNDLE_IDENTIFIER = iden.NewTodoUITests;
				PRODUCT_NAME = "$(TARGET_NAME)";
				SWIFT_EMIT_LOC_STRINGS = NO;
				SWIFT_VERSION = 5.0;
				TARGETED_DEVICE_FAMILY = "1,2";
				TEST_TARGET_NAME = NewTodo;
			};
			name = Debug;
		};
		6B1CD9FC2AB5850000FC4562 /* Release */ = {
			isa = XCBuildConfiguration;
			buildSettings = {
				ALWAYS_EMBED_SWIFT_STANDARD_LIBRARIES = YES;
				CODE_SIGN_STYLE = Automatic;
				CURRENT_PROJECT_VERSION = 1;
				GENERATE_INFOPLIST_FILE = YES;
				MARKETING_VERSION = 1.0;
				PRODUCT_BUNDLE_IDENTIFIER = iden.NewTodoUITests;
				PRODUCT_NAME = "$(TARGET_NAME)";
				SWIFT_EMIT_LOC_STRINGS = NO;
				SWIFT_VERSION = 5.0;
				TARGETED_DEVICE_FAMILY = "1,2";
				TEST_TARGET_NAME = NewTodo;
			};
			name = Release;
		};
/* End XCBuildConfiguration section */

/* Begin XCConfigurationList section */
		6B1CD9C22AB584FE00FC4562 /* Build configuration list for PBXProject "NewTodo" */ = {
			isa = XCConfigurationList;
			buildConfigurations = (
				6B1CD9F22AB5850000FC4562 /* Debug */,
				6B1CD9F32AB5850000FC4562 /* Release */,
			);
			defaultConfigurationIsVisible = 0;
			defaultConfigurationName = Release;
		};
		6B1CD9F42AB5850000FC4562 /* Build configuration list for PBXNativeTarget "NewTodo" */ = {
			isa = XCConfigurationList;
			buildConfigurations = (
				6B1CD9F52AB5850000FC4562 /* Debug */,
				6B1CD9F62AB5850000FC4562 /* Release */,
			);
			defaultConfigurationIsVisible = 0;
			defaultConfigurationName = Release;
		};
		6B1CD9F72AB5850000FC4562 /* Build configuration list for PBXNativeTarget "NewTodoTests" */ = {
			isa = XCConfigurationList;
			buildConfigurations = (
				6B1CD9F82AB5850000FC4562 /* Debug */,
				6B1CD9F92AB5850000FC4562 /* Release */,
			);
			defaultConfigurationIsVisible = 0;
			defaultConfigurationName = Release;
		};
		6B1CD9FA2AB5850000FC4562 /* Build configuration list for PBXNativeTarget "NewTodoUITests" */ = {
			isa = XCConfigurationList;
			buildConfigurations = (
				6B1CD9FB2AB5850000FC4562 /* Debug */,
				6B1CD9FC2AB5850000FC4562 /* Release */,
			);
			defaultConfigurationIsVisible = 0;
			defaultConfigurationName = Release;
		};
/* End XCConfigurationList section */

/* Begin XCVersionGroup section */
		6B1CD9D32AB584FF00FC4562 /* NewTodo.xcdatamodeld */ = {
			isa = XCVersionGroup;
			children = (
				6B1CD9D42AB584FF00FC4562 /* NewTodo.xcdatamodel */,
			);
			currentVersion = 6B1CD9D42AB584FF00FC4562 /* NewTodo.xcdatamodel */;
			path = NewTodo.xcdatamodeld;
			sourceTree = "<group>";
			versionGroupType = wrapper.xcdatamodel;
		};
/* End XCVersionGroup section */
	};
	rootObject = 6B1CD9BF2AB584FE00FC4562 /* Project object */;
}
